# This file is automatically @generated by Cargo.
# It is not intended for manual editing.
version = 3

[[package]]
name = "ahash"
version = "0.7.6"
source = "registry+https://github.com/rust-lang/crates.io-index"
checksum = "fcb51a0695d8f838b1ee009b3fbf66bda078cd64590202a864a8f3e8c4315c47"
dependencies = [
 "getrandom",
 "once_cell",
 "version_check",
]

[[package]]
name = "arrayvec"
version = "0.7.2"
source = "registry+https://github.com/rust-lang/crates.io-index"
checksum = "8da52d66c7071e2e3fa2a1e5c6d088fec47b593032b254f5e980de8ea54454d6"

[[package]]
name = "ash"
version = "0.34.0+1.2.203"
source = "registry+https://github.com/rust-lang/crates.io-index"
checksum = "b0f780da53d0063880d45554306489f09dd8d1bda47688b4a57bc579119356df"
dependencies = [
 "libloading",
]

[[package]]
name = "autocfg"
version = "1.0.1"
source = "registry+https://github.com/rust-lang/crates.io-index"
checksum = "cdb031dd78e28731d87d56cc8ffef4a8f36ca26c38fe2de700543e627f8a464a"

[[package]]
name = "bincode"
version = "1.3.3"
source = "registry+https://github.com/rust-lang/crates.io-index"
checksum = "b1f45e9417d87227c7a56d22e471c6206462cba514c7590c09aff4cf6d1ddcad"
dependencies = [
 "serde",
]

[[package]]
name = "bit-set"
version = "0.5.2"
source = "registry+https://github.com/rust-lang/crates.io-index"
checksum = "6e11e16035ea35e4e5997b393eacbf6f63983188f7a2ad25bfb13465f5ad59de"
dependencies = [
 "bit-vec",
]

[[package]]
name = "bit-vec"
version = "0.6.3"
source = "registry+https://github.com/rust-lang/crates.io-index"
checksum = "349f9b6a179ed607305526ca489b34ad0a41aed5f7980fa90eb03160b69598fb"

[[package]]
name = "bitflags"
version = "1.3.2"
source = "registry+https://github.com/rust-lang/crates.io-index"
checksum = "bef38d45163c2f1dde094a7dfd33ccf595c92905c8f8f4fdc18d06fb1037718a"

[[package]]
name = "block"
version = "0.1.6"
source = "registry+https://github.com/rust-lang/crates.io-index"
checksum = "0d8c1fef690941d3e7788d328517591fecc684c084084702d6ff1641e993699a"

[[package]]
name = "bstr"
version = "0.2.17"
source = "registry+https://github.com/rust-lang/crates.io-index"
checksum = "ba3569f383e8f1598449f1a423e72e99569137b47740b1da11ef19af3d5c3223"
dependencies = [
 "memchr",
]

[[package]]
name = "bumpalo"
version = "3.8.0"
source = "registry+https://github.com/rust-lang/crates.io-index"
checksum = "8f1e260c3a9040a7c19a12468758f4c16f31a81a1fe087482be9570ec864bb6c"

[[package]]
name = "bytemuck"
version = "1.7.2"
source = "registry+https://github.com/rust-lang/crates.io-index"
checksum = "72957246c41db82b8ef88a5486143830adeb8227ef9837740bdec67724cf2c5b"

[[package]]
name = "byteorder"
version = "1.4.3"
source = "registry+https://github.com/rust-lang/crates.io-index"
checksum = "14c189c53d098945499cdfa7ecc63567cf3886b3332b312a5b4585d8d3a6a610"

[[package]]
name = "calloop"
version = "0.9.1"
source = "registry+https://github.com/rust-lang/crates.io-index"
checksum = "42dcfbd723aa6eff9f024cfd5ad08b11144d79b2d8d37b4a31a006ceab255c77"
dependencies = [
 "log",
 "nix",
]

[[package]]
name = "cc"
version = "1.0.72"
source = "registry+https://github.com/rust-lang/crates.io-index"
checksum = "22a9137b95ea06864e018375b72adfb7db6e6f68cfc8df5a04d00288050485ee"

[[package]]
name = "cfg-if"
version = "0.1.10"
source = "registry+https://github.com/rust-lang/crates.io-index"
checksum = "4785bdd1c96b2a846b2bd7cc02e86b6b3dbf14e7e53446c4f54c92a361040822"

[[package]]
name = "cfg-if"
version = "1.0.0"
source = "registry+https://github.com/rust-lang/crates.io-index"
checksum = "baf1de4339761588bc0619e3cbc0120ee582ebb74b53b4efbf79117bd2da40fd"

[[package]]
name = "cfg_aliases"
version = "0.1.1"
source = "registry+https://github.com/rust-lang/crates.io-index"
checksum = "fd16c4719339c4530435d38e511904438d07cce7950afa3718a84ac36c10e89e"

[[package]]
name = "cocoa"
version = "0.24.0"
source = "registry+https://github.com/rust-lang/crates.io-index"
checksum = "6f63902e9223530efb4e26ccd0cf55ec30d592d3b42e21a28defc42a9586e832"
dependencies = [
 "bitflags",
 "block",
 "cocoa-foundation",
 "core-foundation 0.9.2",
 "core-graphics 0.22.3",
 "foreign-types",
 "libc",
 "objc",
]

[[package]]
name = "cocoa-foundation"
version = "0.1.0"
source = "registry+https://github.com/rust-lang/crates.io-index"
checksum = "7ade49b65d560ca58c403a479bb396592b155c0185eada742ee323d1d68d6318"
dependencies = [
 "bitflags",
 "block",
 "core-foundation 0.9.2",
 "core-graphics-types",
 "foreign-types",
 "libc",
 "objc",
]

[[package]]
name = "codespan-reporting"
version = "0.11.1"
source = "registry+https://github.com/rust-lang/crates.io-index"
checksum = "3538270d33cc669650c4b093848450d380def10c331d38c768e34cac80576e6e"
dependencies = [
 "termcolor",
 "unicode-width",
]

[[package]]
name = "copyless"
version = "0.1.5"
source = "registry+https://github.com/rust-lang/crates.io-index"
checksum = "a2df960f5d869b2dd8532793fde43eb5427cceb126c929747a26823ab0eeb536"

[[package]]
name = "core-foundation"
version = "0.7.0"
source = "registry+https://github.com/rust-lang/crates.io-index"
checksum = "57d24c7a13c43e870e37c1556b74555437870a04514f7685f5b354e090567171"
dependencies = [
 "core-foundation-sys 0.7.0",
 "libc",
]

[[package]]
name = "core-foundation"
version = "0.9.2"
source = "registry+https://github.com/rust-lang/crates.io-index"
checksum = "6888e10551bb93e424d8df1d07f1a8b4fceb0001a3a4b048bfc47554946f47b3"
dependencies = [
 "core-foundation-sys 0.8.3",
 "libc",
]

[[package]]
name = "core-foundation-sys"
version = "0.7.0"
source = "registry+https://github.com/rust-lang/crates.io-index"
checksum = "b3a71ab494c0b5b860bdc8407ae08978052417070c2ced38573a9157ad75b8ac"

[[package]]
name = "core-foundation-sys"
version = "0.8.3"
source = "registry+https://github.com/rust-lang/crates.io-index"
checksum = "5827cebf4670468b8772dd191856768aedcb1b0278a04f989f7766351917b9dc"

[[package]]
name = "core-graphics"
version = "0.19.2"
source = "registry+https://github.com/rust-lang/crates.io-index"
checksum = "b3889374e6ea6ab25dba90bb5d96202f61108058361f6dc72e8b03e6f8bbe923"
dependencies = [
 "bitflags",
 "core-foundation 0.7.0",
 "foreign-types",
 "libc",
]

[[package]]
name = "core-graphics"
version = "0.22.3"
source = "registry+https://github.com/rust-lang/crates.io-index"
checksum = "2581bbab3b8ffc6fcbd550bf46c355135d16e9ff2a6ea032ad6b9bf1d7efe4fb"
dependencies = [
 "bitflags",
 "core-foundation 0.9.2",
 "core-graphics-types",
 "foreign-types",
 "libc",
]

[[package]]
name = "core-graphics-types"
version = "0.1.1"
source = "registry+https://github.com/rust-lang/crates.io-index"
checksum = "3a68b68b3446082644c91ac778bf50cd4104bfb002b5a6a7c44cca5a2c70788b"
dependencies = [
 "bitflags",
 "core-foundation 0.9.2",
 "foreign-types",
 "libc",
]

[[package]]
name = "core-video-sys"
version = "0.1.4"
source = "registry+https://github.com/rust-lang/crates.io-index"
checksum = "34ecad23610ad9757664d644e369246edde1803fcb43ed72876565098a5d3828"
dependencies = [
 "cfg-if 0.1.10",
 "core-foundation-sys 0.7.0",
 "core-graphics 0.19.2",
 "libc",
 "objc",
]

[[package]]
name = "cty"
version = "0.2.2"
source = "registry+https://github.com/rust-lang/crates.io-index"
checksum = "b365fabc795046672053e29c954733ec3b05e4be654ab130fe8f1f94d7051f35"

[[package]]
name = "d3d12"
version = "0.4.1"
source = "registry+https://github.com/rust-lang/crates.io-index"
checksum = "2daefd788d1e96e0a9d66dee4b828b883509bc3ea9ce30665f04c3246372690c"
dependencies = [
 "bitflags",
 "libloading",
 "winapi",
]

[[package]]
name = "darling"
version = "0.13.1"
source = "registry+https://github.com/rust-lang/crates.io-index"
checksum = "d0d720b8683f8dd83c65155f0530560cba68cd2bf395f6513a483caee57ff7f4"
dependencies = [
 "darling_core",
 "darling_macro",
]

[[package]]
name = "darling_core"
version = "0.13.1"
source = "registry+https://github.com/rust-lang/crates.io-index"
checksum = "7a340f241d2ceed1deb47ae36c4144b2707ec7dd0b649f894cb39bb595986324"
dependencies = [
 "fnv",
 "ident_case",
 "proc-macro2",
 "quote",
 "strsim",
 "syn",
]

[[package]]
name = "darling_macro"
version = "0.13.1"
source = "registry+https://github.com/rust-lang/crates.io-index"
checksum = "72c41b3b7352feb3211a0d743dc5700a4e3b60f51bd2b368892d1e0f9a95f44b"
dependencies = [
 "darling_core",
 "quote",
 "syn",
]

[[package]]
name = "derivative"
version = "2.2.0"
source = "registry+https://github.com/rust-lang/crates.io-index"
checksum = "fcc3dd5e9e9c0b295d6e1e4d811fb6f157d5ffd784b8d202fc62eac8035a770b"
dependencies = [
 "proc-macro2",
 "quote",
 "syn",
]

[[package]]
name = "dispatch"
version = "0.2.0"
source = "registry+https://github.com/rust-lang/crates.io-index"
checksum = "bd0c93bb4b0c6d9b77f4435b0ae98c24d17f1c45b2ff844c6151a07256ca923b"

[[package]]
name = "dlib"
version = "0.5.0"
source = "registry+https://github.com/rust-lang/crates.io-index"
checksum = "ac1b7517328c04c2aa68422fc60a41b92208182142ed04a25879c26c8f878794"
dependencies = [
 "libloading",
]

[[package]]
name = "downcast-rs"
version = "1.2.0"
source = "registry+https://github.com/rust-lang/crates.io-index"
checksum = "9ea835d29036a4087793836fa931b08837ad5e957da9e23886b29586fb9b6650"

[[package]]
name = "fnv"
version = "1.0.7"
source = "registry+https://github.com/rust-lang/crates.io-index"
checksum = "3f9eec918d3f24069decb9af1554cad7c880e2da24a9afd88aca000531ab82c1"

[[package]]
name = "foreign-types"
version = "0.3.2"
source = "registry+https://github.com/rust-lang/crates.io-index"
checksum = "f6f339eb8adc052cd2ca78910fda869aefa38d22d5cb648e6485e4d3fc06f3b1"
dependencies = [
 "foreign-types-shared",
]

[[package]]
name = "foreign-types-shared"
version = "0.1.1"
source = "registry+https://github.com/rust-lang/crates.io-index"
checksum = "00b0228411908ca8685dba7fc2cdd70ec9990a6e753e89b6ac91a84c40fbaf4b"

[[package]]
name = "fxhash"
version = "0.2.1"
source = "registry+https://github.com/rust-lang/crates.io-index"
checksum = "c31b6d751ae2c7f11320402d34e41349dd1016f8d5d45e48c4312bc8625af50c"
dependencies = [
 "byteorder",
]

[[package]]
name = "gamercade_console"
version = "0.1.0"
dependencies = [
 "bincode",
 "hashbrown 0.12.0",
 "parking_lot 0.12.0",
 "pixels",
 "rlua",
 "serde",
 "winit",
 "winit_input_helper",
]

[[package]]
name = "getrandom"
version = "0.2.3"
source = "registry+https://github.com/rust-lang/crates.io-index"
checksum = "7fcd999463524c52659517fe2cea98493cfe485d10565e7b0fb07dbba7ad2753"
dependencies = [
 "cfg-if 1.0.0",
 "libc",
 "wasi",
]

[[package]]
name = "glow"
version = "0.11.2"
source = "registry+https://github.com/rust-lang/crates.io-index"
checksum = "d8bd5877156a19b8ac83a29b2306fe20537429d318f3ff0a1a2119f8d9c61919"
dependencies = [
 "js-sys",
 "slotmap",
 "wasm-bindgen",
 "web-sys",
]

[[package]]
name = "gpu-alloc"
version = "0.5.2"
source = "registry+https://github.com/rust-lang/crates.io-index"
checksum = "0e64cbb8d36508d3e19da95e56e196a84f674fc190881f2cc010000798838aa6"
dependencies = [
 "bitflags",
 "gpu-alloc-types",
]

[[package]]
name = "gpu-alloc-types"
version = "0.2.0"
source = "registry+https://github.com/rust-lang/crates.io-index"
checksum = "54804d0d6bc9d7f26db4eaec1ad10def69b599315f487d32c334a80d1efe67a5"
dependencies = [
 "bitflags",
]

[[package]]
name = "gpu-descriptor"
version = "0.2.2"
source = "registry+https://github.com/rust-lang/crates.io-index"
checksum = "a538f217be4d405ff4719a283ca68323cc2384003eca5baaa87501e821c81dda"
dependencies = [
 "bitflags",
 "gpu-descriptor-types",
 "hashbrown 0.11.2",
]

[[package]]
name = "gpu-descriptor-types"
version = "0.1.1"
source = "registry+https://github.com/rust-lang/crates.io-index"
checksum = "363e3677e55ad168fef68cf9de3a4a310b53124c5e784c53a1d70e92d23f2126"
dependencies = [
 "bitflags",
]

[[package]]
name = "hashbrown"
version = "0.11.2"
source = "registry+https://github.com/rust-lang/crates.io-index"
checksum = "ab5ef0d4909ef3724cc8cce6ccc8572c5c817592e9285f5464f8e86f8bd3726e"
dependencies = [
 "ahash",
]

[[package]]
name = "hashbrown"
version = "0.12.0"
source = "registry+https://github.com/rust-lang/crates.io-index"
checksum = "8c21d40587b92fa6a6c6e3c1bdbf87d75511db5672f9c93175574b3a00df1758"
dependencies = [
 "ahash",
]

[[package]]
name = "hexf-parse"
version = "0.2.1"
source = "registry+https://github.com/rust-lang/crates.io-index"
checksum = "dfa686283ad6dd069f105e5ab091b04c62850d3e4cf5d67debad1933f55023df"

[[package]]
name = "ident_case"
version = "1.0.1"
source = "registry+https://github.com/rust-lang/crates.io-index"
checksum = "b9e0384b61958566e926dc50660321d12159025e767c18e043daf26b70104c39"

[[package]]
name = "indexmap"
version = "1.7.0"
source = "registry+https://github.com/rust-lang/crates.io-index"
checksum = "bc633605454125dec4b66843673f01c7df2b89479b32e0ed634e43a91cff62a5"
dependencies = [
 "autocfg",
 "hashbrown 0.11.2",
]

[[package]]
name = "inplace_it"
version = "0.3.3"
source = "registry+https://github.com/rust-lang/crates.io-index"
checksum = "90953f308a79fe6d62a4643e51f848fbfddcd05975a38e69fdf4ab86a7baf7ca"

[[package]]
name = "instant"
version = "0.1.12"
source = "registry+https://github.com/rust-lang/crates.io-index"
checksum = "7a5bbe824c507c5da5956355e86a746d82e0e1464f65d862cc5e71da70e94b2c"
dependencies = [
 "cfg-if 1.0.0",
 "js-sys",
 "wasm-bindgen",
 "web-sys",
]

[[package]]
name = "jni-sys"
version = "0.3.0"
source = "registry+https://github.com/rust-lang/crates.io-index"
checksum = "8eaf4bc02d17cbdd7ff4c7438cafcdf7fb9a4613313ad11b4f8fefe7d3fa0130"

[[package]]
name = "js-sys"
version = "0.3.55"
source = "registry+https://github.com/rust-lang/crates.io-index"
checksum = "7cc9ffccd38c451a86bf13657df244e9c3f37493cce8e5e21e940963777acc84"
dependencies = [
 "wasm-bindgen",
]

[[package]]
name = "khronos-egl"
version = "4.1.0"
source = "registry+https://github.com/rust-lang/crates.io-index"
checksum = "8c2352bd1d0bceb871cb9d40f24360c8133c11d7486b68b5381c1dd1a32015e3"
dependencies = [
 "libc",
 "libloading",
]

[[package]]
name = "lazy_static"
version = "1.4.0"
source = "registry+https://github.com/rust-lang/crates.io-index"
checksum = "e2abad23fbc42b3700f2f279844dc832adb2b2eb069b2df918f455c4e18cc646"

[[package]]
name = "libc"
version = "0.2.111"
source = "registry+https://github.com/rust-lang/crates.io-index"
checksum = "8e167738f1866a7ec625567bae89ca0d44477232a4f7c52b1c7f2adc2c98804f"

[[package]]
name = "libloading"
version = "0.7.2"
source = "registry+https://github.com/rust-lang/crates.io-index"
checksum = "afe203d669ec979b7128619bae5a63b7b42e9203c1b29146079ee05e2f604b52"
dependencies = [
 "cfg-if 1.0.0",
 "winapi",
]

[[package]]
name = "lock_api"
version = "0.4.6"
source = "registry+https://github.com/rust-lang/crates.io-index"
checksum = "88943dd7ef4a2e5a4bfa2753aaab3013e34ce2533d1996fb18ef591e315e2b3b"
dependencies = [
 "scopeguard",
]

[[package]]
name = "log"
version = "0.4.14"
source = "registry+https://github.com/rust-lang/crates.io-index"
checksum = "51b9bbe6c47d51fc3e1a9b945965946b4c44142ab8792c50835a980d362c2710"
dependencies = [
 "cfg-if 1.0.0",
]

[[package]]
name = "malloc_buf"
version = "0.0.6"
source = "registry+https://github.com/rust-lang/crates.io-index"
checksum = "62bb907fe88d54d8d9ce32a3cceab4218ed2f6b7d35617cafe9adf84e43919cb"
dependencies = [
 "libc",
]

[[package]]
name = "memchr"
version = "2.4.1"
source = "registry+https://github.com/rust-lang/crates.io-index"
checksum = "308cc39be01b73d0d18f82a0e7b2a3df85245f84af96fdddc5d202d27e47b86a"

[[package]]
name = "memmap2"
version = "0.3.1"
source = "registry+https://github.com/rust-lang/crates.io-index"
checksum = "00b6c2ebff6180198788f5db08d7ce3bc1d0b617176678831a7510825973e357"
dependencies = [
 "libc",
]

[[package]]
name = "memoffset"
version = "0.6.5"
source = "registry+https://github.com/rust-lang/crates.io-index"
checksum = "5aa361d4faea93603064a027415f07bd8e1d5c88c9fbf68bf56a285428fd79ce"
dependencies = [
 "autocfg",
]

[[package]]
name = "metal"
version = "0.23.1"
source = "registry+https://github.com/rust-lang/crates.io-index"
checksum = "e0514f491f4cc03632ab399ee01e2c1c1b12d3e1cf2d667c1ff5f87d6dcd2084"
dependencies = [
 "bitflags",
 "block",
 "core-graphics-types",
 "foreign-types",
 "log",
 "objc",
]

[[package]]
name = "minimal-lexical"
version = "0.2.1"
source = "registry+https://github.com/rust-lang/crates.io-index"
checksum = "68354c5c6bd36d73ff3feceb05efa59b6acb7626617f4962be322a825e61f79a"

[[package]]
name = "mio"
version = "0.8.0"
source = "registry+https://github.com/rust-lang/crates.io-index"
checksum = "ba272f85fa0b41fc91872be579b3bbe0f56b792aa361a380eb669469f68dafb2"
dependencies = [
 "libc",
 "log",
 "miow",
 "ntapi",
 "winapi",
]

[[package]]
name = "miow"
version = "0.3.7"
source = "registry+https://github.com/rust-lang/crates.io-index"
checksum = "b9f1c5b025cda876f66ef43a113f91ebc9f4ccef34843000e0adf6ebbab84e21"
dependencies = [
 "winapi",
]

[[package]]
name = "naga"
version = "0.8.5"
source = "registry+https://github.com/rust-lang/crates.io-index"
checksum = "3012f2dbcc79e8e0b5825a4836a7106a75dd9b2fe42c528163be0f572538c705"
dependencies = [
 "bit-set",
 "bitflags",
 "codespan-reporting",
 "hexf-parse",
 "indexmap",
 "log",
 "num-traits",
 "rustc-hash",
 "spirv",
 "thiserror",
]

[[package]]
name = "ndk"
version = "0.5.0"
source = "registry+https://github.com/rust-lang/crates.io-index"
checksum = "96d868f654c72e75f8687572699cdabe755f03effbb62542768e995d5b8d699d"
dependencies = [
 "bitflags",
 "jni-sys",
 "ndk-sys",
 "num_enum",
 "thiserror",
]

[[package]]
name = "ndk-glue"
version = "0.5.0"
source = "registry+https://github.com/rust-lang/crates.io-index"
checksum = "fc291b8de2095cba8dab7cf381bf582ff4c17a09acf854c32e46545b08085d28"
dependencies = [
 "lazy_static",
 "libc",
 "log",
 "ndk",
 "ndk-macro",
 "ndk-sys",
]

[[package]]
name = "ndk-macro"
version = "0.3.0"
source = "registry+https://github.com/rust-lang/crates.io-index"
checksum = "0df7ac00c4672f9d5aece54ee3347520b7e20f158656c7db2e6de01902eb7a6c"
dependencies = [
 "darling",
 "proc-macro-crate",
 "proc-macro2",
 "quote",
 "syn",
]

[[package]]
name = "ndk-sys"
version = "0.2.2"
source = "registry+https://github.com/rust-lang/crates.io-index"
checksum = "e1bcdd74c20ad5d95aacd60ef9ba40fdf77f767051040541df557b7a9b2a2121"

[[package]]
name = "nix"
version = "0.22.0"
source = "registry+https://github.com/rust-lang/crates.io-index"
checksum = "cf1e25ee6b412c2a1e3fcb6a4499a5c1bfe7f43e014bdce9a6b6666e5aa2d187"
dependencies = [
 "bitflags",
 "cc",
 "cfg-if 1.0.0",
 "libc",
 "memoffset",
]

[[package]]
name = "nom"
version = "7.1.0"
source = "registry+https://github.com/rust-lang/crates.io-index"
checksum = "1b1d11e1ef389c76fe5b81bcaf2ea32cf88b62bc494e19f493d0b30e7a930109"
dependencies = [
 "memchr",
 "minimal-lexical",
 "version_check",
]

[[package]]
name = "ntapi"
version = "0.3.6"
source = "registry+https://github.com/rust-lang/crates.io-index"
checksum = "3f6bb902e437b6d86e03cce10a7e2af662292c5dfef23b65899ea3ac9354ad44"
dependencies = [
 "winapi",
]

[[package]]
name = "num-traits"
version = "0.2.14"
source = "registry+https://github.com/rust-lang/crates.io-index"
checksum = "9a64b1ec5cda2586e284722486d802acf1f7dbdc623e2bfc57e65ca1cd099290"
dependencies = [
 "autocfg",
]

[[package]]
name = "num_enum"
version = "0.5.4"
source = "registry+https://github.com/rust-lang/crates.io-index"
checksum = "3f9bd055fb730c4f8f4f57d45d35cd6b3f0980535b056dc7ff119cee6a66ed6f"
dependencies = [
 "derivative",
 "num_enum_derive",
]

[[package]]
name = "num_enum_derive"
version = "0.5.4"
source = "registry+https://github.com/rust-lang/crates.io-index"
checksum = "486ea01961c4a818096de679a8b740b26d9033146ac5291b1c98557658f8cdd9"
dependencies = [
 "proc-macro-crate",
 "proc-macro2",
 "quote",
 "syn",
]

[[package]]
name = "objc"
version = "0.2.7"
source = "registry+https://github.com/rust-lang/crates.io-index"
checksum = "915b1b472bc21c53464d6c8461c9d3af805ba1ef837e1cac254428f4a77177b1"
dependencies = [
 "malloc_buf",
 "objc_exception",
]

[[package]]
name = "objc_exception"
version = "0.1.2"
source = "registry+https://github.com/rust-lang/crates.io-index"
checksum = "ad970fb455818ad6cba4c122ad012fae53ae8b4795f86378bce65e4f6bab2ca4"
dependencies = [
 "cc",
]

[[package]]
name = "once_cell"
version = "1.8.0"
source = "registry+https://github.com/rust-lang/crates.io-index"
checksum = "692fcb63b64b1758029e0a96ee63e049ce8c5948587f2f7208df04625e5f6b56"

[[package]]
name = "parking_lot"
version = "0.11.2"
source = "registry+https://github.com/rust-lang/crates.io-index"
checksum = "7d17b78036a60663b797adeaee46f5c9dfebb86948d1255007a1d6be0271ff99"
dependencies = [
 "instant",
 "lock_api",
 "parking_lot_core 0.8.5",
]

[[package]]
name = "parking_lot"
version = "0.12.0"
source = "registry+https://github.com/rust-lang/crates.io-index"
checksum = "87f5ec2493a61ac0506c0f4199f99070cbe83857b0337006a30f3e6719b8ef58"
dependencies = [
 "lock_api",
 "parking_lot_core 0.9.1",
]

[[package]]
name = "parking_lot_core"
version = "0.8.5"
source = "registry+https://github.com/rust-lang/crates.io-index"
checksum = "d76e8e1493bcac0d2766c42737f34458f1c8c50c0d23bcb24ea953affb273216"
dependencies = [
 "cfg-if 1.0.0",
 "instant",
 "libc",
 "redox_syscall",
 "smallvec",
 "winapi",
]

[[package]]
name = "parking_lot_core"
version = "0.9.1"
source = "registry+https://github.com/rust-lang/crates.io-index"
checksum = "28141e0cc4143da2443301914478dc976a61ffdb3f043058310c70df2fed8954"
dependencies = [
 "cfg-if 1.0.0",
 "libc",
 "redox_syscall",
 "smallvec",
 "windows-sys",
]

[[package]]
name = "percent-encoding"
version = "2.1.0"
source = "registry+https://github.com/rust-lang/crates.io-index"
checksum = "d4fd5641d01c8f18a23da7b6fe29298ff4b55afcccdf78973b24cf3175fee32e"

[[package]]
name = "pixels"
version = "0.9.0"
source = "registry+https://github.com/rust-lang/crates.io-index"
checksum = "a3be4951b24b374c72b0aaaeb59e51e1acb38b8e680b11f43c1d0049b8550891"
dependencies = [
 "bytemuck",
 "pollster",
 "raw-window-handle",
 "thiserror",
 "ultraviolet",
 "wgpu",
]

[[package]]
name = "pkg-config"
version = "0.3.24"
source = "registry+https://github.com/rust-lang/crates.io-index"
checksum = "58893f751c9b0412871a09abd62ecd2a00298c6c83befa223ef98c52aef40cbe"

[[package]]
name = "pollster"
version = "0.2.4"
source = "registry+https://github.com/rust-lang/crates.io-index"
checksum = "bb20dcc30536a1508e75d47dd0e399bb2fe7354dcf35cda9127f2bf1ed92e30e"

[[package]]
name = "proc-macro-crate"
version = "1.1.0"
source = "registry+https://github.com/rust-lang/crates.io-index"
checksum = "1ebace6889caf889b4d3f76becee12e90353f2b8c7d875534a71e5742f8f6f83"
dependencies = [
 "thiserror",
 "toml",
]

[[package]]
name = "proc-macro2"
version = "1.0.33"
source = "registry+https://github.com/rust-lang/crates.io-index"
checksum = "fb37d2df5df740e582f28f8560cf425f52bb267d872fe58358eadb554909f07a"
dependencies = [
 "unicode-xid",
]

[[package]]
name = "profiling"
version = "1.0.4"
source = "registry+https://github.com/rust-lang/crates.io-index"
checksum = "9926767b8b8244d7b6b64546585121d193c3d0b4856ccd656b7bfa9deb91ab6a"

[[package]]
name = "quote"
version = "1.0.10"
source = "registry+https://github.com/rust-lang/crates.io-index"
checksum = "38bc8cc6a5f2e3655e0899c1b848643b2562f853f114bfec7be120678e3ace05"
dependencies = [
 "proc-macro2",
]

[[package]]
name = "range-alloc"
version = "0.1.2"
source = "registry+https://github.com/rust-lang/crates.io-index"
checksum = "63e935c45e09cc6dcf00d2f0b2d630a58f4095320223d47fc68918722f0538b6"

[[package]]
name = "raw-window-handle"
version = "0.4.2"
source = "registry+https://github.com/rust-lang/crates.io-index"
checksum = "fba75eee94a9d5273a68c9e1e105d9cffe1ef700532325788389e5a83e2522b7"
dependencies = [
 "cty",
]

[[package]]
name = "redox_syscall"
version = "0.2.10"
source = "registry+https://github.com/rust-lang/crates.io-index"
checksum = "8383f39639269cde97d255a32bdb68c047337295414940c68bdd30c2e13203ff"
dependencies = [
 "bitflags",
]

[[package]]
name = "renderdoc-sys"
version = "0.7.1"
source = "registry+https://github.com/rust-lang/crates.io-index"
checksum = "f1382d1f0a252c4bf97dc20d979a2fdd05b024acd7c2ed0f7595d7817666a157"

[[package]]
name = "rlua"
version = "0.19.1"
source = "registry+https://github.com/rust-lang/crates.io-index"
checksum = "627ae78424400009e889c43b0c188d0b7af3fe7301b68c03d9cfacb29115408a"
dependencies = [
 "bitflags",
 "bstr",
 "libc",
 "num-traits",
 "rlua-lua54-sys",
]

[[package]]
name = "rlua-lua54-sys"
version = "0.1.1"
source = "registry+https://github.com/rust-lang/crates.io-index"
checksum = "b4e1fdfc6a5f7acfa1b1fe26c5076b54f5ebd6818b5982460c39844c8b859370"
dependencies = [
 "cc",
 "libc",
 "pkg-config",
]

[[package]]
name = "rustc-hash"
version = "1.1.0"
source = "registry+https://github.com/rust-lang/crates.io-index"
checksum = "08d43f7aa6b08d49f382cde6a7982047c3426db949b1424bc4b7ec9ae12c6ce2"

[[package]]
name = "safe_arch"
version = "0.5.2"
source = "registry+https://github.com/rust-lang/crates.io-index"
checksum = "c1ff3d6d9696af502cc3110dacce942840fb06ff4514cad92236ecc455f2ce05"
dependencies = [
 "bytemuck",
]

[[package]]
name = "scoped-tls"
version = "1.0.0"
source = "registry+https://github.com/rust-lang/crates.io-index"
checksum = "ea6a9290e3c9cf0f18145ef7ffa62d68ee0bf5fcd651017e586dc7fd5da448c2"

[[package]]
name = "scopeguard"
version = "1.1.0"
source = "registry+https://github.com/rust-lang/crates.io-index"
checksum = "d29ab0c6d3fc0ee92fe66e2d99f700eab17a8d57d1c1d3b748380fb20baa78cd"

[[package]]
name = "serde"
version = "1.0.136"
source = "registry+https://github.com/rust-lang/crates.io-index"
checksum = "ce31e24b01e1e524df96f1c2fdd054405f8d7376249a5110886fb4b658484789"
dependencies = [
 "serde_derive",
]

[[package]]
name = "serde_derive"
version = "1.0.136"
source = "registry+https://github.com/rust-lang/crates.io-index"
checksum = "08597e7152fcd306f41838ed3e37be9eaeed2b61c42e2117266a554fab4662f9"
dependencies = [
 "proc-macro2",
 "quote",
 "syn",
]

[[package]]
name = "slotmap"
version = "1.0.6"
source = "registry+https://github.com/rust-lang/crates.io-index"
checksum = "e1e08e261d0e8f5c43123b7adf3e4ca1690d655377ac93a03b2c9d3e98de1342"
dependencies = [
 "version_check",
]

[[package]]
name = "smallvec"
version = "1.7.0"
source = "registry+https://github.com/rust-lang/crates.io-index"
checksum = "1ecab6c735a6bb4139c0caafd0cc3635748bbb3acf4550e8138122099251f309"

[[package]]
name = "smithay-client-toolkit"
version = "0.15.2"
source = "registry+https://github.com/rust-lang/crates.io-index"
checksum = "210cf40de565aaaa085face1d860b17f6aee9f76f9d2816307ea2cc45eeb64f3"
dependencies = [
 "bitflags",
 "calloop",
 "dlib",
 "lazy_static",
 "log",
 "memmap2",
 "nix",
 "pkg-config",
 "wayland-client",
 "wayland-cursor",
 "wayland-protocols",
]

[[package]]
name = "spirv"
version = "0.2.0+1.5.4"
source = "registry+https://github.com/rust-lang/crates.io-index"
checksum = "246bfa38fe3db3f1dfc8ca5a2cdeb7348c78be2112740cc0ec8ef18b6d94f830"
dependencies = [
 "bitflags",
 "num-traits",
]

[[package]]
name = "strsim"
version = "0.10.0"
source = "registry+https://github.com/rust-lang/crates.io-index"
checksum = "73473c0e59e6d5812c5dfe2a064a6444949f089e20eec9a2e5506596494e4623"

[[package]]
name = "syn"
version = "1.0.82"
source = "registry+https://github.com/rust-lang/crates.io-index"
checksum = "8daf5dd0bb60cbd4137b1b587d2fc0ae729bc07cf01cd70b36a1ed5ade3b9d59"
dependencies = [
 "proc-macro2",
 "quote",
 "unicode-xid",
]

[[package]]
name = "termcolor"
version = "1.1.2"
source = "registry+https://github.com/rust-lang/crates.io-index"
checksum = "2dfed899f0eb03f32ee8c6a0aabdb8a7949659e3466561fc0adf54e26d88c5f4"
dependencies = [
 "winapi-util",
]

[[package]]
name = "thiserror"
version = "1.0.30"
source = "registry+https://github.com/rust-lang/crates.io-index"
checksum = "854babe52e4df1653706b98fcfc05843010039b406875930a70e4d9644e5c417"
dependencies = [
 "thiserror-impl",
]

[[package]]
name = "thiserror-impl"
version = "1.0.30"
source = "registry+https://github.com/rust-lang/crates.io-index"
checksum = "aa32fd3f627f367fe16f893e2597ae3c05020f8bba2666a4e6ea73d377e5714b"
dependencies = [
 "proc-macro2",
 "quote",
 "syn",
]

[[package]]
name = "toml"
version = "0.5.8"
source = "registry+https://github.com/rust-lang/crates.io-index"
checksum = "a31142970826733df8241ef35dc040ef98c679ab14d7c3e54d827099b3acecaa"
dependencies = [
 "serde",
]

[[package]]
name = "ultraviolet"
version = "0.8.1"
source = "registry+https://github.com/rust-lang/crates.io-index"
checksum = "16b9e3507eba17043af05c8a72fce3ec2c24b58945f45732e71dbc6646d904a7"
dependencies = [
 "wide",
]

[[package]]
name = "unicode-width"
version = "0.1.9"
source = "registry+https://github.com/rust-lang/crates.io-index"
checksum = "3ed742d4ea2bd1176e236172c8429aaf54486e7ac098db29ffe6529e0ce50973"

[[package]]
name = "unicode-xid"
version = "0.2.2"
source = "registry+https://github.com/rust-lang/crates.io-index"
checksum = "8ccb82d61f80a663efe1f787a51b16b5a51e3314d6ac365b08639f52387b33f3"

[[package]]
name = "version_check"
version = "0.9.3"
source = "registry+https://github.com/rust-lang/crates.io-index"
checksum = "5fecdca9a5291cc2b8dcf7dc02453fee791a280f3743cb0905f8822ae463b3fe"

[[package]]
name = "wasi"
version = "0.10.2+wasi-snapshot-preview1"
source = "registry+https://github.com/rust-lang/crates.io-index"
checksum = "fd6fbd9a79829dd1ad0cc20627bf1ed606756a7f77edff7b66b7064f9cb327c6"

[[package]]
name = "wasm-bindgen"
version = "0.2.78"
source = "registry+https://github.com/rust-lang/crates.io-index"
checksum = "632f73e236b219150ea279196e54e610f5dbafa5d61786303d4da54f84e47fce"
dependencies = [
 "cfg-if 1.0.0",
 "wasm-bindgen-macro",
]

[[package]]
name = "wasm-bindgen-backend"
version = "0.2.78"
source = "registry+https://github.com/rust-lang/crates.io-index"
checksum = "a317bf8f9fba2476b4b2c85ef4c4af8ff39c3c7f0cdfeed4f82c34a880aa837b"
dependencies = [
 "bumpalo",
 "lazy_static",
 "log",
 "proc-macro2",
 "quote",
 "syn",
 "wasm-bindgen-shared",
]

[[package]]
name = "wasm-bindgen-futures"
version = "0.4.28"
source = "registry+https://github.com/rust-lang/crates.io-index"
checksum = "8e8d7523cb1f2a4c96c1317ca690031b714a51cc14e05f712446691f413f5d39"
dependencies = [
 "cfg-if 1.0.0",
 "js-sys",
 "wasm-bindgen",
 "web-sys",
]

[[package]]
name = "wasm-bindgen-macro"
version = "0.2.78"
source = "registry+https://github.com/rust-lang/crates.io-index"
checksum = "d56146e7c495528bf6587663bea13a8eb588d39b36b679d83972e1a2dbbdacf9"
dependencies = [
 "quote",
 "wasm-bindgen-macro-support",
]

[[package]]
name = "wasm-bindgen-macro-support"
version = "0.2.78"
source = "registry+https://github.com/rust-lang/crates.io-index"
checksum = "7803e0eea25835f8abdc585cd3021b3deb11543c6fe226dcd30b228857c5c5ab"
dependencies = [
 "proc-macro2",
 "quote",
 "syn",
 "wasm-bindgen-backend",
 "wasm-bindgen-shared",
]

[[package]]
name = "wasm-bindgen-shared"
version = "0.2.78"
source = "registry+https://github.com/rust-lang/crates.io-index"
checksum = "0237232789cf037d5480773fe568aac745bfe2afbc11a863e97901780a6b47cc"

[[package]]
name = "wayland-client"
version = "0.29.1"
source = "registry+https://github.com/rust-lang/crates.io-index"
checksum = "9108ec1c37f4774d0c2937ba1a6c23d1786b2152c4a13bd9fdb20e42d16e8841"
dependencies = [
 "bitflags",
 "downcast-rs",
 "libc",
 "nix",
 "scoped-tls",
 "wayland-commons",
 "wayland-scanner",
 "wayland-sys",
]

[[package]]
name = "wayland-commons"
version = "0.29.1"
source = "registry+https://github.com/rust-lang/crates.io-index"
checksum = "265ef51b3b3e5c9ef098f10425c39624663f459c3821dcaacc4748be975f1beb"
dependencies = [
 "nix",
 "once_cell",
 "smallvec",
 "wayland-sys",
]

[[package]]
name = "wayland-cursor"
version = "0.29.1"
source = "registry+https://github.com/rust-lang/crates.io-index"
checksum = "6c19bb6628daf4097e58b7911481e8371e13318d5a60894779901bd3267407a7"
dependencies = [
 "nix",
 "wayland-client",
 "xcursor",
]

[[package]]
name = "wayland-protocols"
version = "0.29.1"
source = "registry+https://github.com/rust-lang/crates.io-index"
checksum = "7b3b6f1dc0193072ef4eadcb144da30d58c1f2895516c063804d213310703c8e"
dependencies = [
 "bitflags",
 "wayland-client",
 "wayland-commons",
 "wayland-scanner",
]

[[package]]
name = "wayland-scanner"
version = "0.29.1"
source = "registry+https://github.com/rust-lang/crates.io-index"
checksum = "eaaf2bc85e7b9143159af96bd23d954a5abe391c4376db712320643280fdc6f4"
dependencies = [
 "proc-macro2",
 "quote",
 "xml-rs",
]

[[package]]
name = "wayland-sys"
version = "0.29.1"
source = "registry+https://github.com/rust-lang/crates.io-index"
checksum = "ba9e06acb775b3007f8d3094438306979e572d1d3b844d7a71557a84b055d959"
dependencies = [
 "dlib",
 "lazy_static",
 "pkg-config",
]

[[package]]
name = "web-sys"
version = "0.3.55"
source = "registry+https://github.com/rust-lang/crates.io-index"
checksum = "38eb105f1c59d9eaa6b5cdc92b859d85b926e82cb2e0945cd0c9259faa6fe9fb"
dependencies = [
 "js-sys",
 "wasm-bindgen",
]

[[package]]
name = "wgpu"
version = "0.12.0"
source = "registry+https://github.com/rust-lang/crates.io-index"
checksum = "b97cd781ff044d6d697b632a2e212032c2e957d1afaa21dbf58069cbb8f78567"
dependencies = [
 "arrayvec",
 "js-sys",
 "log",
 "naga",
 "parking_lot 0.11.2",
 "raw-window-handle",
 "smallvec",
 "wasm-bindgen",
 "wasm-bindgen-futures",
 "web-sys",
 "wgpu-core",
 "wgpu-hal",
 "wgpu-types",
]

[[package]]
name = "wgpu-core"
version = "0.12.2"
source = "registry+https://github.com/rust-lang/crates.io-index"
checksum = "c4688c000eb841ca55f7b35db659b78d6e1cd77d7caf8fb929f4e181f754047d"
dependencies = [
 "arrayvec",
 "bitflags",
 "cfg_aliases",
 "codespan-reporting",
 "copyless",
 "fxhash",
 "log",
 "naga",
 "parking_lot 0.11.2",
 "profiling",
 "raw-window-handle",
 "smallvec",
 "thiserror",
 "wgpu-hal",
 "wgpu-types",
]

[[package]]
name = "wgpu-hal"
version = "0.12.4"
source = "registry+https://github.com/rust-lang/crates.io-index"
checksum = "93b1a9400e8d7f32dd4dd909bb9a391015d70633d639775ddd3f14d1104bc970"
dependencies = [
 "arrayvec",
 "ash",
 "bit-set",
 "bitflags",
 "block",
 "core-graphics-types",
 "d3d12",
 "foreign-types",
 "fxhash",
 "glow",
 "gpu-alloc",
 "gpu-descriptor",
 "inplace_it",
 "js-sys",
 "khronos-egl",
 "libloading",
 "log",
 "metal",
 "naga",
 "objc",
 "parking_lot 0.11.2",
 "profiling",
 "range-alloc",
 "raw-window-handle",
 "renderdoc-sys",
 "thiserror",
 "wasm-bindgen",
 "web-sys",
 "wgpu-types",
 "winapi",
]

[[package]]
name = "wgpu-types"
version = "0.12.0"
source = "registry+https://github.com/rust-lang/crates.io-index"
checksum = "549533d9e1cdd4b4cda7718d33ff500fc4c34b5467b71d76b547ae0324f3b2a2"
dependencies = [
 "bitflags",
]

[[package]]
name = "wide"
version = "0.6.5"
source = "registry+https://github.com/rust-lang/crates.io-index"
checksum = "46bbe7c604a27ca0b05c5503221e76da628225b568e6f1280b42dbad3b72d89b"
dependencies = [
 "bytemuck",
 "safe_arch",
]

[[package]]
name = "winapi"
version = "0.3.9"
source = "registry+https://github.com/rust-lang/crates.io-index"
checksum = "5c839a674fcd7a98952e593242ea400abe93992746761e38641405d28b00f419"
dependencies = [
 "winapi-i686-pc-windows-gnu",
 "winapi-x86_64-pc-windows-gnu",
]

[[package]]
name = "winapi-i686-pc-windows-gnu"
version = "0.4.0"
source = "registry+https://github.com/rust-lang/crates.io-index"
checksum = "ac3b87c63620426dd9b991e5ce0329eff545bccbbb34f3be09ff6fb6ab51b7b6"

[[package]]
name = "winapi-util"
version = "0.1.5"
source = "registry+https://github.com/rust-lang/crates.io-index"
checksum = "70ec6ce85bb158151cae5e5c87f95a8e97d2c0c4b001223f33a334e3ce5de178"
dependencies = [
 "winapi",
]

[[package]]
name = "winapi-x86_64-pc-windows-gnu"
version = "0.4.0"
source = "registry+https://github.com/rust-lang/crates.io-index"
checksum = "712e227841d057c1ee1cd2fb22fa7e5a5461ae8e48fa2ca79ec42cfc1931183f"

[[package]]
name = "windows-sys"
version = "0.32.0"
source = "registry+https://github.com/rust-lang/crates.io-index"
checksum = "3df6e476185f92a12c072be4a189a0210dcdcf512a1891d6dff9edb874deadc6"
dependencies = [
 "windows_aarch64_msvc",
 "windows_i686_gnu",
 "windows_i686_msvc",
 "windows_x86_64_gnu",
 "windows_x86_64_msvc",
]

[[package]]
name = "windows_aarch64_msvc"
version = "0.32.0"
source = "registry+https://github.com/rust-lang/crates.io-index"
checksum = "d8e92753b1c443191654ec532f14c199742964a061be25d77d7a96f09db20bf5"

[[package]]
name = "windows_i686_gnu"
version = "0.32.0"
source = "registry+https://github.com/rust-lang/crates.io-index"
checksum = "6a711c68811799e017b6038e0922cb27a5e2f43a2ddb609fe0b6f3eeda9de615"

[[package]]
name = "windows_i686_msvc"
version = "0.32.0"
source = "registry+https://github.com/rust-lang/crates.io-index"
checksum = "146c11bb1a02615db74680b32a68e2d61f553cc24c4eb5b4ca10311740e44172"

[[package]]
name = "windows_x86_64_gnu"
version = "0.32.0"
source = "registry+https://github.com/rust-lang/crates.io-index"
checksum = "c912b12f7454c6620635bbff3450962753834be2a594819bd5e945af18ec64bc"

[[package]]
name = "windows_x86_64_msvc"
version = "0.32.0"
source = "registry+https://github.com/rust-lang/crates.io-index"
checksum = "504a2476202769977a040c6364301a3f65d0cc9e3fb08600b2bda150a0488316"

[[package]]
name = "winit"
version = "0.26.1"
source = "registry+https://github.com/rust-lang/crates.io-index"
checksum = "9b43cc931d58b99461188607efd7acb2a093e65fc621f54cad78517a6063e73a"
dependencies = [
 "bitflags",
 "cocoa",
 "core-foundation 0.9.2",
 "core-graphics 0.22.3",
 "core-video-sys",
 "dispatch",
 "instant",
 "lazy_static",
 "libc",
 "log",
 "mio",
 "ndk",
 "ndk-glue",
 "ndk-sys",
 "objc",
 "parking_lot 0.11.2",
 "percent-encoding",
 "raw-window-handle",
 "smithay-client-toolkit",
 "wasm-bindgen",
 "wayland-client",
 "wayland-protocols",
 "web-sys",
 "winapi",
 "x11-dl",
]

[[package]]
name = "winit_input_helper"
version = "0.11.0"
source = "registry+https://github.com/rust-lang/crates.io-index"
checksum = "72c8618b5c5e3f44a9d0a2ace15ad580cb7402d585507f4f9c74d07af7603909"
dependencies = [
 "winit",
]

[[package]]
name = "x11-dl"
version = "2.19.1"
source = "registry+https://github.com/rust-lang/crates.io-index"
checksum = "ea26926b4ce81a6f5d9d0f3a0bc401e5a37c6ae14a1bfaa8ff6099ca80038c59"
dependencies = [
 "lazy_static",
 "libc",
 "pkg-config",
]

[[package]]
name = "xcursor"
version = "0.3.4"
source = "registry+https://github.com/rust-lang/crates.io-index"
checksum = "463705a63313cd4301184381c5e8042f0a7e9b4bb63653f216311d4ae74690b7"
dependencies = [
 "nom",
]

[[package]]
name = "xml-rs"
version = "0.8.4"
source = "registry+https://github.com/rust-lang/crates.io-index"
checksum = "d2d7d3948613f75c98fd9328cfdcc45acc4d360655289d0a7d4ec931392200a3"
